{
  "name": "com.samsung.ir",
  "version": "1.0.0",
  "lockfileVersion": 1,
  "requires": true,
  "dependencies": {
    "homey-rfdriver": {
      "version": "3.0.4",
      "resolved": "https://registry.npmjs.org/homey-rfdriver/-/homey-rfdriver-3.0.4.tgz",
      "integrity": "sha512-DolNMOctpQv3xLcEpq5hSFj6rJd/ABFNxIr3d9ApNUo1ZwHGBZ0/a8L5jYyhn/Le7nkV4SpxrRXlR0624ryt2w=="
    }
  }
}
